
Microsoft Visual Studio Solution File, Format Version 12.00
# Visual Studio Version 17
VisualStudioVersion = 17.8.34511.84
MinimumVisualStudioVersion = 10.0.40219.1
Project("{FAE04EC0-301F-11D3-BF4B-00C04F79EFBC}") = "HRsystem", "HRsystem.csproj", "{40EE04E6-8B3C-4A32-BBA6-E0F1973BCE0B}"
EndProject
Global
	GlobalSection(SolutionConfigurationPlatforms) = preSolution
		Debug|Any CPU = Debug|Any CPU
		Release|Any CPU = Release|Any CPU
	EndGlobalSection
	GlobalSection(ProjectConfigurationPlatforms) = postSolution
		{40EE04E6-8B3C-4A32-BBA6-E0F1973BCE0B}.Debug|Any CPU.ActiveCfg = Debug|Any CPU
		{40EE04E6-8B3C-4A32-BBA6-E0F1973BCE0B}.Debug|Any CPU.Build.0 = Debug|Any CPU
		{40EE04E6-8B3C-4A32-BBA6-E0F1973BCE0B}.Release|Any CPU.ActiveCfg = Release|Any CPU
		{40EE04E6-8B3C-4A32-BBA6-E0F1973BCE0B}.Release|Any CPU.Build.0 = Release|Any CPU
	EndGlobalSection
	GlobalSection(SolutionProperties) = preSolution
		HideSolutionNode = FALSE
	EndGlobalSection
	GlobalSection(ExtensibilityGlobals) = postSolution
		SolutionGuid = {83D5D745-A846-4F28-9CF5-7D71A960F088}
	EndGlobalSection
EndGlobal
